// !$*UTF8*$!
{
	archiveVersion = 1;
	classes = {
	};
	objectVersion = 56;
	objects = {

/* Begin PBXBuildFile section */
		C80CC5D729AB7DBA00841887 /* SnapKit in Frameworks */ = {isa = PBXBuildFile; productRef = C80CC5D629AB7DBA00841887 /* SnapKit */; };
		C85832D429AFBCC800A958FB /* Extensions.swift in Sources */ = {isa = PBXBuildFile; fileRef = C85832D329AFBCC800A958FB /* Extensions.swift */; };
		C866784B29AB46B60024D28E /* AppDelegate.swift in Sources */ = {isa = PBXBuildFile; fileRef = C866784A29AB46B60024D28E /* AppDelegate.swift */; };
		C866784D29AB46B60024D28E /* SceneDelegate.swift in Sources */ = {isa = PBXBuildFile; fileRef = C866784C29AB46B60024D28E /* SceneDelegate.swift */; };
		C866784F29AB46B60024D28E /* ViewController.swift in Sources */ = {isa = PBXBuildFile; fileRef = C866784E29AB46B60024D28E /* ViewController.swift */; };
		C866785429AB46B80024D28E /* Assets.xcassets in Resources */ = {isa = PBXBuildFile; fileRef = C866785329AB46B80024D28E /* Assets.xcassets */; };
		C866785729AB46B80024D28E /* LaunchScreen.storyboard in Resources */ = {isa = PBXBuildFile; fileRef = C866785529AB46B80024D28E /* LaunchScreen.storyboard */; };
/* End PBXBuildFile section */

/* Begin PBXFileReference section */
		C85832D329AFBCC800A958FB /* Extensions.swift */ = {isa = PBXFileReference; lastKnownFileType = sourcecode.swift; path = Extensions.swift; sourceTree = "<group>"; };
		C866784729AB46B60024D28E /* iOS9-HW-12 - Kudaibergen Temirlan.app */ = {isa = PBXFileReference; explicitFileType = wrapper.application; includeInIndex = 0; path = "iOS9-HW-12 - Kudaibergen Temirlan.app"; sourceTree = BUILT_PRODUCTS_DIR; };
		C866784A29AB46B60024D28E /* AppDelegate.swift */ = {isa = PBXFileReference; lastKnownFileType = sourcecode.swift; path = AppDelegate.swift; sourceTree = "<group>"; };
		C866784C29AB46B60024D28E /* SceneDelegate.swift */ = {isa = PBXFileReference; lastKnownFileType = sourcecode.swift; path = SceneDelegate.swift; sourceTree = "<group>"; };
		C866784E29AB46B60024D28E /* ViewController.swift */ = {isa = PBXFileReference; lastKnownFileType = sourcecode.swift; path = ViewController.swift; sourceTree = "<group>"; };
		C866785329AB46B80024D28E /* Assets.xcassets */ = {isa = PBXFileReference; lastKnownFileType = folder.assetcatalog; path = Assets.xcassets; sourceTree = "<group>"; };
		C866785629AB46B80024D28E /* Base */ = {isa = PBXFileReference; lastKnownFileType = file.storyboard; name = Base; path = Base.lproj/LaunchScreen.storyboard; sourceTree = "<group>"; };
		C866785829AB46B80024D28E /* Info.plist */ = {isa = PBXFileReference; lastKnownFileType = text.plist.xml; path = Info.plist; sourceTree = "<group>"; };
/* End PBXFileReference section */

/* Begin PBXFrameworksBuildPhase section */
		C866784429AB46B60024D28E /* Frameworks */ = {
			isa = PBXFrameworksBuildPhase;
			buildActionMask = 2147483647;
			files = (
				C80CC5D729AB7DBA00841887 /* SnapKit in Frameworks */,
			);
			runOnlyForDeploymentPostprocessing = 0;
		};
/* End PBXFrameworksBuildPhase section */

/* Begin PBXGroup section */
		C85832D229AFBC1500A958FB /* UIKit+Extensions */ = {
			isa = PBXGroup;
			children = (
				C866784E29AB46B60024D28E /* ViewController.swift */,
			);
			path = "UIKit+Extensions";
			sourceTree = "<group>";
		};
		C866783E29AB46B60024D28E = {
			isa = PBXGroup;
			children = (
				C866784929AB46B60024D28E /* iOS9-HW-12 - Kudaibergen Temirlan */,
				C866784829AB46B60024D28E /* Products */,
			);
			sourceTree = "<group>";
		};
		C866784829AB46B60024D28E /* Products */ = {
			isa = PBXGroup;
			children = (
				C866784729AB46B60024D28E /* iOS9-HW-12 - Kudaibergen Temirlan.app */,
			);
			name = Products;
			sourceTree = "<group>";
		};
		C866784929AB46B60024D28E /* iOS9-HW-12 - Kudaibergen Temirlan */ = {
			isa = PBXGroup;
			children = (
				C866785E29AB46C50024D28E /* Resources */,
				C866786029AB46E30024D28E /* Sources */,
				C85832D229AFBC1500A958FB /* UIKit+Extensions */,
				C8A91F1929B2096400ACE3B8 /* Foundation+Extansion */,
			);
			path = "iOS9-HW-12 - Kudaibergen Temirlan";
			sourceTree = "<group>";
		};
		C866785E29AB46C50024D28E /* Resources */ = {
			isa = PBXGroup;
			children = (
				C866785329AB46B80024D28E /* Assets.xcassets */,
				C866785F29AB46CF0024D28E /* Configuration */,
			);
			path = Resources;
			sourceTree = "<group>";
		};
		C866785F29AB46CF0024D28E /* Configuration */ = {
			isa = PBXGroup;
			children = (
				C866785829AB46B80024D28E /* Info.plist */,
			);
			path = Configuration;
			sourceTree = "<group>";
		};
		C866786029AB46E30024D28E /* Sources */ = {
			isa = PBXGroup;
			children = (
				C866786229AB470D0024D28E /* Storyboard */,
				C866786129AB46EB0024D28E /* App */,
			);
			path = Sources;
			sourceTree = "<group>";
		};
		C866786129AB46EB0024D28E /* App */ = {
			isa = PBXGroup;
			children = (
				C866784A29AB46B60024D28E /* AppDelegate.swift */,
				C866784C29AB46B60024D28E /* SceneDelegate.swift */,
			);
			path = App;
			sourceTree = "<group>";
		};
		C866786229AB470D0024D28E /* Storyboard */ = {
			isa = PBXGroup;
			children = (
				C866785529AB46B80024D28E /* LaunchScreen.storyboard */,
			);
			path = Storyboard;
			sourceTree = "<group>";
		};
		C8A91F1929B2096400ACE3B8 /* Foundation+Extansion */ = {
			isa = PBXGroup;
			children = (
				C85832D329AFBCC800A958FB /* Extensions.swift */,
			);
			path = "Foundation+Extansion";
			sourceTree = "<group>";
		};
/* End PBXGroup section */

/* Begin PBXNativeTarget section */
		C866784629AB46B60024D28E /* iOS9-HW-12 - Kudaibergen Temirlan */ = {
			isa = PBXNativeTarget;
			buildConfigurationList = C866785B29AB46B80024D28E /* Build configuration list for PBXNativeTarget "iOS9-HW-12 - Kudaibergen Temirlan" */;
			buildPhases = (
				C866784329AB46B60024D28E /* Sources */,
				C866784429AB46B60024D28E /* Frameworks */,
				C866784529AB46B60024D28E /* Resources */,
			);
			buildRules = (
			);
			dependencies = (
			);
			name = "iOS9-HW-12 - Kudaibergen Temirlan";
			packageProductDependencies = (
				C80CC5D629AB7DBA00841887 /* SnapKit */,
			);
			productName = "iOS9-HW-12 - Kudaibergen Temirlan";
			productReference = C866784729AB46B60024D28E /* iOS9-HW-12 - Kudaibergen Temirlan.app */;
			productType = "com.apple.product-type.application";
		};
/* End PBXNativeTarget section */

/* Begin PBXProject section */
		C866783F29AB46B60024D28E /* Project object */ = {
			isa = PBXProject;
			attributes = {
				BuildIndependentTargetsInParallel = 1;
				LastSwiftUpdateCheck = 1420;
				LastUpgradeCheck = 1420;
				TargetAttributes = {
					C866784629AB46B60024D28E = {
						CreatedOnToolsVersion = 14.2;
					};
				};
			};
			buildConfigurationList = C866784229AB46B60024D28E /* Build configuration list for PBXProject "iOS9-HW-12 - Kudaibergen Temirlan" */;
			compatibilityVersion = "Xcode 14.0";
			developmentRegion = en;
			hasScannedForEncodings = 0;
			knownRegions = (
				en,
				Base,
			);
			mainGroup = C866783E29AB46B60024D28E;
			packageReferences = (
				C80CC5D529AB7DBA00841887 /* XCRemoteSwiftPackageReference "SnapKit" */,
			);
			productRefGroup = C866784829AB46B60024D28E /* Products */;
			projectDirPath = "";
			projectRoot = "";
			targets = (
				C866784629AB46B60024D28E /* iOS9-HW-12 - Kudaibergen Temirlan */,
			);
		};
/* End PBXProject section */

/* Begin PBXResourcesBuildPhase section */
		C866784529AB46B60024D28E /* Resources */ = {
			isa = PBXResourcesBuildPhase;
			buildActionMask = 2147483647;
			files = (
				C866785729AB46B80024D28E /* LaunchScreen.storyboard in Resources */,
				C866785429AB46B80024D28E /* Assets.xcassets in Resources */,
			);
			runOnlyForDeploymentPostprocessing = 0;
		};
/* End PBXResourcesBuildPhase section */

/* Begin PBXSourcesBuildPhase section */
		C866784329AB46B60024D28E /* Sources */ = {
			isa = PBXSourcesBuildPhase;
			buildActionMask = 2147483647;
			files = (
				C866784F29AB46B60024D28E /* ViewController.swift in Sources */,
				C866784B29AB46B60024D28E /* AppDelegate.swift in Sources */,
				C866784D29AB46B60024D28E /* SceneDelegate.swift in Sources */,
				C85832D429AFBCC800A958FB /* Extensions.swift in Sources */,
			);
			runOnlyForDeploymentPostprocessing = 0;
		};
/* End PBXSourcesBuildPhase section */

/* Begin PBXVariantGroup section */
		C866785529AB46B80024D28E /* LaunchScreen.storyboard */ = {
			isa = PBXVariantGroup;
			children = (
				C866785629AB46B80024D28E /* Base */,
			);
			name = LaunchScreen.storyboard;
			sourceTree = "<group>";
		};
/* End PBXVariantGroup section */

/* Begin XCBuildConfiguration section */
		C866785929AB46B80024D28E /* Debug */ = {
			isa = XCBuildConfiguration;
			buildSettings = {
				ALWAYS_SEARCH_USER_PATHS = NO;
				CLANG_ANALYZER_NONNULL = YES;
				CLANG_ANALYZER_NUMBER_OBJECT_CONVERSION = YES_AGGRESSIVE;
				CLANG_CXX_LANGUAGE_STANDARD = "gnu++20";
				CLANG_ENABLE_MODULES = YES;
				CLANG_ENABLE_OBJC_ARC = YES;
				CLANG_ENABLE_OBJC_WEAK = YES;
				CLANG_WARN_BLOCK_CAPTURE_AUTORELEASING = YES;
				CLANG_WARN_BOOL_CONVERSION = YES;
				CLANG_WARN_COMMA = YES;
				CLANG_WARN_CONSTANT_CONVERSION = YES;
				CLANG_WARN_DEPRECATED_OBJC_IMPLEMENTATIONS = YES;
				CLANG_WARN_DIRECT_OBJC_ISA_USAGE = YES_ERROR;
				CLANG_WARN_DOCUMENTATION_COMMENTS = YES;
				CLANG_WARN_EMPTY_BODY = YES;
				CLANG_WARN_ENUM_CONVERSION = YES;
				CLANG_WARN_INFINITE_RECURSION = YES;
				CLANG_WARN_INT_CONVERSION = YES;
				CLANG_WARN_NON_LITERAL_NULL_CONVERSION = YES;
				CLANG_WARN_OBJC_IMPLICIT_RETAIN_SELF = YES;
				CLANG_WARN_OBJC_LITERAL_CONVERSION = YES;
				CLANG_WARN_OBJC_ROOT_CLASS = YES_ERROR;
				CLANG_WARN_QUOTED_INCLUDE_IN_FRAMEWORK_HEADER = YES;
				CLANG_WARN_RANGE_LOOP_ANALYSIS = YES;
				CLANG_WARN_STRICT_PROTOTYPES = YES;
				CLANG_WARN_SUSPICIOUS_MOVE = YES;
				CLANG_WARN_UNGUARDED_AVAILABILITY = YES_AGGRESSIVE;
				CLANG_WARN_UNREACHABLE_CODE = YES;
				CLANG_WARN__DUPLICATE_METHOD_MATCH = YES;
				COPY_PHASE_STRIP = NO;
				DEBUG_INFORMATION_FORMAT = dwarf;
				ENABLE_STRICT_OBJC_MSGSEND = YES;
				ENABLE_TESTABILITY = YES;
				GCC_C_LANGUAGE_STANDARD = gnu11;
				GCC_DYNAMIC_NO_PIC = NO;
				GCC_NO_COMMON_BLOCKS = YES;
				GCC_OPTIMIZATION_LEVEL = 0;
				GCC_PREPROCESSOR_DEFINITIONS = (
					"DEBUG=1",
					"$(inherited)",
				);
				GCC_WARN_64_TO_32_BIT_CONVERSION = YES;
				GCC_WARN_ABOUT_RETURN_TYPE = YES_ERROR;
				GCC_WARN_UNDECLARED_SELECTOR = YES;
				GCC_WARN_UNINITIALIZED_AUTOS = YES_AGGRESSIVE;
				GCC_WARN_UNUSED_FUNCTION = YES;
				GCC_WARN_UNUSED_VARIABLE = YES;
				IPHONEOS_DEPLOYMENT_TARGET = 16.2;
				MTL_ENABLE_DEBUG_INFO = INCLUDE_SOURCE;
				MTL_FAST_MATH = YES;
				ONLY_ACTIVE_ARCH = YES;
				SDKROOT = iphoneos;
				SWIFT_ACTIVE_COMPILATION_CONDITIONS = DEBUG;
				SWIFT_OPTIMIZATION_LEVEL = "-Onone";
			};
			name = Debug;
		};
		C866785A29AB46B80024D28E /* Release */ = {
			isa = XCBuildConfiguration;
			buildSettings = {
				ALWAYS_SEARCH_USER_PATHS = NO;
				CLANG_ANALYZER_NONNULL = YES;
				CLANG_ANALYZER_NUMBER_OBJECT_CONVERSION = YES_AGGRESSIVE;
				CLANG_CXX_LANGUAGE_STANDARD = "gnu++20";
				CLANG_ENABLE_MODULES = YES;
				CLANG_ENABLE_OBJC_ARC = YES;
				CLANG_ENABLE_OBJC_WEAK = YES;
				CLANG_WARN_BLOCK_CAPTURE_AUTORELEASING = YES;
				CLANG_WARN_BOOL_CONVERSION = YES;
				CLANG_WARN_COMMA = YES;
				CLANG_WARN_CONSTANT_CONVERSION = YES;
				CLANG_WARN_DEPRECATED_OBJC_IMPLEMENTATIONS = YES;
				CLANG_WARN_DIRECT_OBJC_ISA_USAGE = YES_ERROR;
				CLANG_WARN_DOCUMENTATION_COMMENTS = YES;
				CLANG_WARN_EMPTY_BODY = YES;
				CLANG_WARN_ENUM_CONVERSION = YES;
				CLANG_WARN_INFINITE_RECURSION = YES;
				CLANG_WARN_INT_CONVERSION = YES;
				CLANG_WARN_NON_LITERAL_NULL_CONVERSION = YES;
				CLANG_WARN_OBJC_IMPLICIT_RETAIN_SELF = YES;
				CLANG_WARN_OBJC_LITERAL_CONVERSION = YES;
				CLANG_WARN_OBJC_ROOT_CLASS = YES_ERROR;
				CLANG_WARN_QUOTED_INCLUDE_IN_FRAMEWORK_HEADER = YES;
				CLANG_WARN_RANGE_LOOP_ANALYSIS = YES;
				CLANG_WARN_STRICT_PROTOTYPES = YES;
				CLANG_WARN_SUSPICIOUS_MOVE = YES;
				CLANG_WARN_UNGUARDED_AVAILABILITY = YES_AGGRESSIVE;
				CLANG_WARN_UNREACHABLE_CODE = YES;
				CLANG_WARN__DUPLICATE_METHOD_MATCH = YES;
				COPY_PHASE_STRIP = NO;
				DEBUG_INFORMATION_FORMAT = "dwarf-with-dsym";
				ENABLE_NS_ASSERTIONS = NO;
				ENABLE_STRICT_OBJC_MSGSEND = YES;
				GCC_C_LANGUAGE_STANDARD = gnu11;
				GCC_NO_COMMON_BLOCKS = YES;
				GCC_WARN_64_TO_32_BIT_CONVERSION = YES;
				GCC_WARN_ABOUT_RETURN_TYPE = YES_ERROR;
				GCC_WARN_UNDECLARED_SELECTOR = YES;
				GCC_WARN_UNINITIALIZED_AUTOS = YES_AGGRESSIVE;
				GCC_WARN_UNUSED_FUNCTION = YES;
				GCC_WARN_UNUSED_VARIABLE = YES;
				IPHONEOS_DEPLOYMENT_TARGET = 16.2;
				MTL_ENABLE_DEBUG_INFO = NO;
				MTL_FAST_MATH = YES;
				SDKROOT = iphoneos;
				SWIFT_COMPILATION_MODE = wholemodule;
				SWIFT_OPTIMIZATION_LEVEL = "-O";
				VALIDATE_PRODUCT = YES;
			};
			name = Release;
		};
		C866785C29AB46B80024D28E /* Debug */ = {
			isa = XCBuildConfiguration;
			buildSettings = {
				ASSETCATALOG_COMPILER_APPICON_NAME = AppIcon;
				ASSETCATALOG_COMPILER_GLOBAL_ACCENT_COLOR_NAME = AccentColor;
				CODE_SIGN_STYLE = Automatic;
				CURRENT_PROJECT_VERSION = 1;
				DEVELOPMENT_TEAM = C2VWB77N8G;
				GENERATE_INFOPLIST_FILE = YES;
				INFOPLIST_FILE = "iOS9-HW-12 - Kudaibergen Temirlan/Resources/Configuration/Info.plist";
				INFOPLIST_KEY_UIApplicationSupportsIndirectInputEvents = YES;
				INFOPLIST_KEY_UILaunchStoryboardName = LaunchScreen;
				INFOPLIST_KEY_UISupportedInterfaceOrientations_iPad = "UIInterfaceOrientationPortrait UIInterfaceOrientationPortraitUpsideDown UIInterfaceOrientationLandscapeLeft UIInterfaceOrientationLandscapeRight";
				INFOPLIST_KEY_UISupportedInterfaceOrientations_iPhone = "UIInterfaceOrientationPortrait UIInterfaceOrientationLandscapeLeft UIInterfaceOrientationLandscapeRight";
				LD_RUNPATH_SEARCH_PATHS = (
					"$(inherited)",
					"@executable_path/Frameworks",
				);
				MARKETING_VERSION = 1.0;
				PRODUCT_BUNDLE_IDENTIFIER = "kz.iOS9-HW-12---Kudaibergen-Temirlan";
				PRODUCT_NAME = "$(TARGET_NAME)";
				SWIFT_EMIT_LOC_STRINGS = YES;
				SWIFT_VERSION = 5.0;
				TARGETED_DEVICE_FAMILY = "1,2";
			};
			name = Debug;
		};
		C866785D29AB46B80024D28E /* Release */ = {
			isa = XCBuildConfiguration;
			buildSettings = {
				ASSETCATALOG_COMPILER_APPICON_NAME = AppIcon;
				ASSETCATALOG_COMPILER_GLOBAL_ACCENT_COLOR_NAME = AccentColor;
				CODE_SIGN_STYLE = Automatic;
				CURRENT_PROJECT_VERSION = 1;
				DEVELOPMENT_TEAM = C2VWB77N8G;
				GENERATE_INFOPLIST_FILE = YES;
				INFOPLIST_FILE = "iOS9-HW-12 - Kudaibergen Temirlan/Resources/Configuration/Info.plist";
				INFOPLIST_KEY_UIApplicationSupportsIndirectInputEvents = YES;
				INFOPLIST_KEY_UILaunchStoryboardName = LaunchScreen;
				INFOPLIST_KEY_UISupportedInterfaceOrientations_iPad = "UIInterfaceOrientationPortrait UIInterfaceOrientationPortraitUpsideDown UIInterfaceOrientationLandscapeLeft UIInterfaceOrientationLandscapeRight";
				INFOPLIST_KEY_UISupportedInterfaceOrientations_iPhone = "UIInterfaceOrientationPortrait UIInterfaceOrientationLandscapeLeft UIInterfaceOrientationLandscapeRight";
				LD_RUNPATH_SEARCH_PATHS = (
					"$(inherited)",
					"@executable_path/Frameworks",
				);
				MARKETING_VERSION = 1.0;
				PRODUCT_BUNDLE_IDENTIFIER = "kz.iOS9-HW-12---Kudaibergen-Temirlan";
				PRODUCT_NAME = "$(TARGET_NAME)";
				SWIFT_EMIT_LOC_STRINGS = YES;
				SWIFT_VERSION = 5.0;
				TARGETED_DEVICE_FAMILY = "1,2";
			};
			name = Release;
		};
/* End XCBuildConfiguration section */

/* Begin XCConfigurationList section */
		C866784229AB46B60024D28E /* Build configuration list for PBXProject "iOS9-HW-12 - Kudaibergen Temirlan" */ = {
			isa = XCConfigurationList;
			buildConfigurations = (
				C866785929AB46B80024D28E /* Debug */,
				C866785A29AB46B80024D28E /* Release */,
			);
			defaultConfigurationIsVisible = 0;
			defaultConfigurationName = Release;
		};
		C866785B29AB46B80024D28E /* Build configuration list for PBXNativeTarget "iOS9-HW-12 - Kudaibergen Temirlan" */ = {
			isa = XCConfigurationList;
			buildConfigurations = (
				C866785C29AB46B80024D28E /* Debug */,
				C866785D29AB46B80024D28E /* Release */,
			);
			defaultConfigurationIsVisible = 0;
			defaultConfigurationName = Release;
		};
/* End XCConfigurationList section */

/* Begin XCRemoteSwiftPackageReference section */
		C80CC5D529AB7DBA00841887 /* XCRemoteSwiftPackageReference "SnapKit" */ = {
			isa = XCRemoteSwiftPackageReference;
			repositoryURL = "https://github.com/SnapKit/SnapKit.git";
			requirement = {
				branch = develop;
				kind = branch;
			};
		};
/* End XCRemoteSwiftPackageReference section */

/* Begin XCSwiftPackageProductDependency section */
		C80CC5D629AB7DBA00841887 /* SnapKit */ = {
			isa = XCSwiftPackageProductDependency;
			package = C80CC5D529AB7DBA00841887 /* XCRemoteSwiftPackageReference "SnapKit" */;
			productName = SnapKit;
		};
/* End XCSwiftPackageProductDependency section */
	};
	rootObject = C866783F29AB46B60024D28E /* Project object */;
}
